
Microsoft Visual Studio Solution File, Format Version 12.00
# Visual Studio Version 17
VisualStudioVersion = 17.0.31903.59
MinimumVisualStudioVersion = 10.0.40219.1
Project("{9A19103F-16F7-4668-BE54-9A1E7A4F7556}") = "Tyuiu.KimmelDS.Sprint6.Task0.V13.Lib", "Tyuiu.KimmelDS.Sprint6.Task0.V13.Lib\Tyuiu.KimmelDS.Sprint6.Task0.V13.Lib.csproj", "{841F4147-73E9-4904-BD74-2AC8A3645D7A}"
EndProject
Project("{9A19103F-16F7-4668-BE54-9A1E7A4F7556}") = "Tyuiu.KimmelDS.Sprint6.Task0.V13", "Tyuiu.KimmelDS.Sprint6.Task0.V13\Tyuiu.KimmelDS.Sprint6.Task0.V13.csproj", "{FCF59078-E43E-49D4-B644-F792E964E71F}"
EndProject
Project("{9A19103F-16F7-4668-BE54-9A1E7A4F7556}") = "Tyuiu.KimmelDS.Sprint6.Task0.V13.Test", "Tyuiu.KimmelDS.Sprint6.Task0.V13.Test\Tyuiu.KimmelDS.Sprint6.Task0.V13.Test.csproj", "{FBF177C9-6E1D-4351-BF47-F03EFFBC4B0F}"
EndProject
Project("{2150E333-8FDC-42A3-9474-1A3956D46DE8}") = "Task0", "Task0", "{4BE05300-5D56-4985-B35A-1ABDD442D05A}"
EndProject
Project("{9A19103F-16F7-4668-BE54-9A1E7A4F7556}") = "Tyuiu.KimmelDS.Sprint6.Task1.V22.Lib", "Tyuiu.KimmelDS.Sprint6.Task1.V22.Lib\Tyuiu.KimmelDS.Sprint6.Task1.V22.Lib.csproj", "{A2735D73-B236-4F2B-9485-2DA9080EF0A4}"
EndProject
Project("{9A19103F-16F7-4668-BE54-9A1E7A4F7556}") = "Tyuiu.KimmelDS.Sprint6.Task1.V22", "Tyuiu.KimmelDS.Sprint6.Task1.V22\Tyuiu.KimmelDS.Sprint6.Task1.V22.csproj", "{7CAF95D2-8FFB-4E52-BDEC-3AC100E4C1C5}"
EndProject
Project("{9A19103F-16F7-4668-BE54-9A1E7A4F7556}") = "Tyuiu.KimmelDS.Sprint6.Task1.V22.Test", "Tyuiu.KimmelDS.Sprint6.Task1.V22.Test\Tyuiu.KimmelDS.Sprint6.Task1.V22.Test.csproj", "{C6945619-89A0-4A99-9633-30440EC8F3D9}"
EndProject
Project("{2150E333-8FDC-42A3-9474-1A3956D46DE8}") = "Task1", "Task1", "{BD2023A5-B8A1-487B-A573-293E986DB918}"
EndProject
Project("{9A19103F-16F7-4668-BE54-9A1E7A4F7556}") = "Tyuiu.KimmelDS.Sprint6.Task2.V26.Lib", "Tyuiu.KimmelDS.Sprint6.Task2.V26.Lib\Tyuiu.KimmelDS.Sprint6.Task2.V26.Lib.csproj", "{B5A05138-C43E-44C2-A3A1-1E46551B5DAB}"
EndProject
Project("{9A19103F-16F7-4668-BE54-9A1E7A4F7556}") = "Tyuiu.KimmelDS.Sprint6.Task2.V26", "Tyuiu.KimmelDS.Sprint6.Task2.V26\Tyuiu.KimmelDS.Sprint6.Task2.V26.csproj", "{99C63705-CF6C-4ADE-A392-DFC9100135B1}"
EndProject
Project("{9A19103F-16F7-4668-BE54-9A1E7A4F7556}") = "Tyuiu.KimmelDS.Sprint6.Task2.V26.Test", "Tyuiu.KimmelDS.Sprint6.Task2.V26.Test\Tyuiu.KimmelDS.Sprint6.Task2.V26.Test.csproj", "{C4D05282-F7D5-405E-9F89-299501DF11F1}"
EndProject
Project("{2150E333-8FDC-42A3-9474-1A3956D46DE8}") = "Task2", "Task2", "{986DA874-D410-42BA-81A4-19E2886DA7B3}"
EndProject
Project("{9A19103F-16F7-4668-BE54-9A1E7A4F7556}") = "Tyuiu.KimmelDS.Sprint6.Task3.V20.Lib", "Tyuiu.KimmelDS.Sprint6.Task3.V20.Lib\Tyuiu.KimmelDS.Sprint6.Task3.V20.Lib.csproj", "{BE15E4A6-8418-4E03-B4AC-B9D60D757660}"
EndProject
Project("{9A19103F-16F7-4668-BE54-9A1E7A4F7556}") = "Tyuiu.KimmelDS.Sprint6.Task3.V20", "Tyuiu.KimmelDS.Sprint6.Task3.V20\Tyuiu.KimmelDS.Sprint6.Task3.V20.csproj", "{E6FC6F66-1E90-4473-9F79-13DC4F7E9CCB}"
EndProject
Project("{9A19103F-16F7-4668-BE54-9A1E7A4F7556}") = "Tyuiu.KimmelDS.Sprint6.Task3.V20.Test", "Tyuiu.KimmelDS.Sprint6.Task3.V20.Test\Tyuiu.KimmelDS.Sprint6.Task3.V20.Test.csproj", "{07508E18-666D-4779-9054-DCD71E6CF554}"
EndProject
Project("{2150E333-8FDC-42A3-9474-1A3956D46DE8}") = "Task3", "Task3", "{BA1820EF-DF8E-4D59-B7A7-E0F481765AE7}"
EndProject
Global
	GlobalSection(SolutionConfigurationPlatforms) = preSolution
		Debug|Any CPU = Debug|Any CPU
		Release|Any CPU = Release|Any CPU
	EndGlobalSection
	GlobalSection(ProjectConfigurationPlatforms) = postSolution
		{841F4147-73E9-4904-BD74-2AC8A3645D7A}.Debug|Any CPU.ActiveCfg = Debug|Any CPU
		{841F4147-73E9-4904-BD74-2AC8A3645D7A}.Debug|Any CPU.Build.0 = Debug|Any CPU
		{841F4147-73E9-4904-BD74-2AC8A3645D7A}.Release|Any CPU.ActiveCfg = Release|Any CPU
		{841F4147-73E9-4904-BD74-2AC8A3645D7A}.Release|Any CPU.Build.0 = Release|Any CPU
		{FCF59078-E43E-49D4-B644-F792E964E71F}.Debug|Any CPU.ActiveCfg = Debug|Any CPU
		{FCF59078-E43E-49D4-B644-F792E964E71F}.Debug|Any CPU.Build.0 = Debug|Any CPU
		{FCF59078-E43E-49D4-B644-F792E964E71F}.Release|Any CPU.ActiveCfg = Release|Any CPU
		{FCF59078-E43E-49D4-B644-F792E964E71F}.Release|Any CPU.Build.0 = Release|Any CPU
		{FBF177C9-6E1D-4351-BF47-F03EFFBC4B0F}.Debug|Any CPU.ActiveCfg = Debug|Any CPU
		{FBF177C9-6E1D-4351-BF47-F03EFFBC4B0F}.Debug|Any CPU.Build.0 = Debug|Any CPU
		{FBF177C9-6E1D-4351-BF47-F03EFFBC4B0F}.Release|Any CPU.ActiveCfg = Release|Any CPU
		{FBF177C9-6E1D-4351-BF47-F03EFFBC4B0F}.Release|Any CPU.Build.0 = Release|Any CPU
		{A2735D73-B236-4F2B-9485-2DA9080EF0A4}.Debug|Any CPU.ActiveCfg = Debug|Any CPU
		{A2735D73-B236-4F2B-9485-2DA9080EF0A4}.Debug|Any CPU.Build.0 = Debug|Any CPU
		{A2735D73-B236-4F2B-9485-2DA9080EF0A4}.Release|Any CPU.ActiveCfg = Release|Any CPU
		{A2735D73-B236-4F2B-9485-2DA9080EF0A4}.Release|Any CPU.Build.0 = Release|Any CPU
		{7CAF95D2-8FFB-4E52-BDEC-3AC100E4C1C5}.Debug|Any CPU.ActiveCfg = Debug|Any CPU
		{7CAF95D2-8FFB-4E52-BDEC-3AC100E4C1C5}.Debug|Any CPU.Build.0 = Debug|Any CPU
		{7CAF95D2-8FFB-4E52-BDEC-3AC100E4C1C5}.Release|Any CPU.ActiveCfg = Release|Any CPU
		{7CAF95D2-8FFB-4E52-BDEC-3AC100E4C1C5}.Release|Any CPU.Build.0 = Release|Any CPU
		{C6945619-89A0-4A99-9633-30440EC8F3D9}.Debug|Any CPU.ActiveCfg = Debug|Any CPU
		{C6945619-89A0-4A99-9633-30440EC8F3D9}.Debug|Any CPU.Build.0 = Debug|Any CPU
		{C6945619-89A0-4A99-9633-30440EC8F3D9}.Release|Any CPU.ActiveCfg = Release|Any CPU
		{C6945619-89A0-4A99-9633-30440EC8F3D9}.Release|Any CPU.Build.0 = Release|Any CPU
		{B5A05138-C43E-44C2-A3A1-1E46551B5DAB}.Debug|Any CPU.ActiveCfg = Debug|Any CPU
		{B5A05138-C43E-44C2-A3A1-1E46551B5DAB}.Debug|Any CPU.Build.0 = Debug|Any CPU
		{B5A05138-C43E-44C2-A3A1-1E46551B5DAB}.Release|Any CPU.ActiveCfg = Release|Any CPU
		{B5A05138-C43E-44C2-A3A1-1E46551B5DAB}.Release|Any CPU.Build.0 = Release|Any CPU
		{99C63705-CF6C-4ADE-A392-DFC9100135B1}.Debug|Any CPU.ActiveCfg = Debug|Any CPU
		{99C63705-CF6C-4ADE-A392-DFC9100135B1}.Debug|Any CPU.Build.0 = Debug|Any CPU
		{99C63705-CF6C-4ADE-A392-DFC9100135B1}.Release|Any CPU.ActiveCfg = Release|Any CPU
		{99C63705-CF6C-4ADE-A392-DFC9100135B1}.Release|Any CPU.Build.0 = Release|Any CPU
		{C4D05282-F7D5-405E-9F89-299501DF11F1}.Debug|Any CPU.ActiveCfg = Debug|Any CPU
		{C4D05282-F7D5-405E-9F89-299501DF11F1}.Debug|Any CPU.Build.0 = Debug|Any CPU
		{C4D05282-F7D5-405E-9F89-299501DF11F1}.Release|Any CPU.ActiveCfg = Release|Any CPU
		{C4D05282-F7D5-405E-9F89-299501DF11F1}.Release|Any CPU.Build.0 = Release|Any CPU
		{BE15E4A6-8418-4E03-B4AC-B9D60D757660}.Debug|Any CPU.ActiveCfg = Debug|Any CPU
		{BE15E4A6-8418-4E03-B4AC-B9D60D757660}.Debug|Any CPU.Build.0 = Debug|Any CPU
		{BE15E4A6-8418-4E03-B4AC-B9D60D757660}.Release|Any CPU.ActiveCfg = Release|Any CPU
		{BE15E4A6-8418-4E03-B4AC-B9D60D757660}.Release|Any CPU.Build.0 = Release|Any CPU
		{E6FC6F66-1E90-4473-9F79-13DC4F7E9CCB}.Debug|Any CPU.ActiveCfg = Debug|Any CPU
		{E6FC6F66-1E90-4473-9F79-13DC4F7E9CCB}.Debug|Any CPU.Build.0 = Debug|Any CPU
		{E6FC6F66-1E90-4473-9F79-13DC4F7E9CCB}.Release|Any CPU.ActiveCfg = Release|Any CPU
		{E6FC6F66-1E90-4473-9F79-13DC4F7E9CCB}.Release|Any CPU.Build.0 = Release|Any CPU
		{07508E18-666D-4779-9054-DCD71E6CF554}.Debug|Any CPU.ActiveCfg = Debug|Any CPU
		{07508E18-666D-4779-9054-DCD71E6CF554}.Debug|Any CPU.Build.0 = Debug|Any CPU
		{07508E18-666D-4779-9054-DCD71E6CF554}.Release|Any CPU.ActiveCfg = Release|Any CPU
		{07508E18-666D-4779-9054-DCD71E6CF554}.Release|Any CPU.Build.0 = Release|Any CPU
	EndGlobalSection
	GlobalSection(SolutionProperties) = preSolution
		HideSolutionNode = FALSE
	EndGlobalSection
	GlobalSection(NestedProjects) = preSolution
		{841F4147-73E9-4904-BD74-2AC8A3645D7A} = {4BE05300-5D56-4985-B35A-1ABDD442D05A}
		{FCF59078-E43E-49D4-B644-F792E964E71F} = {4BE05300-5D56-4985-B35A-1ABDD442D05A}
		{FBF177C9-6E1D-4351-BF47-F03EFFBC4B0F} = {4BE05300-5D56-4985-B35A-1ABDD442D05A}
		{A2735D73-B236-4F2B-9485-2DA9080EF0A4} = {BD2023A5-B8A1-487B-A573-293E986DB918}
		{7CAF95D2-8FFB-4E52-BDEC-3AC100E4C1C5} = {BD2023A5-B8A1-487B-A573-293E986DB918}
		{C6945619-89A0-4A99-9633-30440EC8F3D9} = {BD2023A5-B8A1-487B-A573-293E986DB918}
		{B5A05138-C43E-44C2-A3A1-1E46551B5DAB} = {986DA874-D410-42BA-81A4-19E2886DA7B3}
		{99C63705-CF6C-4ADE-A392-DFC9100135B1} = {986DA874-D410-42BA-81A4-19E2886DA7B3}
		{C4D05282-F7D5-405E-9F89-299501DF11F1} = {986DA874-D410-42BA-81A4-19E2886DA7B3}
		{BE15E4A6-8418-4E03-B4AC-B9D60D757660} = {BA1820EF-DF8E-4D59-B7A7-E0F481765AE7}
		{E6FC6F66-1E90-4473-9F79-13DC4F7E9CCB} = {BA1820EF-DF8E-4D59-B7A7-E0F481765AE7}
		{07508E18-666D-4779-9054-DCD71E6CF554} = {BA1820EF-DF8E-4D59-B7A7-E0F481765AE7}
	EndGlobalSection
	GlobalSection(ExtensibilityGlobals) = postSolution
		SolutionGuid = {F7A90F32-9E74-4D23-96D1-D070BF3FD7CD}
	EndGlobalSection
EndGlobal
